{
  "name": "smithy-tooling",
  "lockfileVersion": 3,
  "requires": true,
  "packages": {
    "": {
      "name": "smithy-tooling",
      "devDependencies": {
        "framery": "github:rafimaliki/framery#v0.2.0"
      }
    },
    "node_modules/framery": {
      "version": "0.2.0",
      "resolved": "git+ssh://git@github.com/rafimaliki/framery.git#198a0e367dd67c774f297214a31400eb86cfa726",
      "dev": true,
      "license": "MIT",
      "bin": {
        "framery": "bin/framery.mjs"
      },
      "engines": {
        "node": ">=22"
      }
    }
  }
}
