{
  "name": "smithy-tooling",
  "lockfileVersion": 3,
  "requires": true,
  "packages": {
    "": {
      "name": "smithy-tooling",
      "devDependencies": {
        "framery": "github:rafimaliki/framery#v0.2.1"
      }
    },
    "node_modules/framery": {
      "version": "0.2.1",
      "resolved": "git+ssh://git@github.com/rafimaliki/framery.git#73e151945af34053c77c34a5ecc71a28411c956f",
      "dev": true,
      "license": "MIT",
      "bin": {
        "framery": "bin/framery.mjs"
      },
      "engines": {
        "node": ">=22"
      }
    }
  }
}
