{
  "name": "smithy-tooling",
  "lockfileVersion": 3,
  "requires": true,
  "packages": {
    "": {
      "name": "smithy-tooling",
      "devDependencies": {
        "framery": "github:rafimaliki/framery#v0.1.0"
      }
    },
    "node_modules/framery": {
      "version": "0.1.0",
      "resolved": "git+ssh://git@github.com/rafimaliki/framery.git#2ec894a746f65c9494da2c6b219c191350737543",
      "dev": true,
      "license": "MIT",
      "bin": {
        "framery": "bin/framery.mjs"
      },
      "engines": {
        "node": ">=22"
      }
    }
  }
}
